{
  "name": "cloudDormitoryEvent",
  "version": "1.0.0",
  "lockfileVersion": 1,
  "requires": true,
  "dependencies": {
    "bootstrap": {
      "version": "4.3.1",
      "resolved": "http://registry.npm.taobao.org/bootstrap/download/bootstrap-4.3.1.tgz",
      "integrity": "sha1-KAyo9hBQTZnXtrS/xLaM7GAXBKw="
    },
    "bootstrap-table": {
      "version": "1.14.2",
      "resolved": "http://registry.npm.taobao.org/bootstrap-table/download/bootstrap-table-1.14.2.tgz",
      "integrity": "sha1-2PVnPeWzW73zaEiDdfWm+TlbfNw="
    },
    "font-awesome": {
      "version": "4.7.0",
      "resolved": "http://registry.npm.taobao.org/font-awesome/download/font-awesome-4.7.0.tgz",
      "integrity": "sha1-j6jPBBGhoxr9B7BtKQK7n8gVoTM="
    },
    "jquery": {
      "version": "3.4.0",
      "resolved": "https://registry.npmjs.org/jquery/-/jquery-3.4.0.tgz",
      "integrity": "sha512-ggRCXln9zEqv6OqAGXFEcshF5dSBvCkzj6Gm2gzuR5fWawaX8t7cxKVkkygKODrDAzKdoYw3l/e3pm3vlT4IbQ=="
    }
  }
}
